
Microsoft Visual Studio Solution File, Format Version 12.00
# Visual Studio Version 16
VisualStudioVersion = 16.0.31605.320
MinimumVisualStudioVersion = 10.0.40219.1
Project("{FAE04EC0-301F-11D3-BF4B-00C04F79EFBC}") = "DesafioTuitando", "DesafioTuitando\DesafioTuitando.csproj", "{A2853A5F-99D8-4CD5-B527-DA6B187D339D}"
EndProject
Global
	GlobalSection(SolutionConfigurationPlatforms) = preSolution
		Debug|Any CPU = Debug|Any CPU
		Release|Any CPU = Release|Any CPU
	EndGlobalSection
	GlobalSection(ProjectConfigurationPlatforms) = postSolution
		{A2853A5F-99D8-4CD5-B527-DA6B187D339D}.Debug|Any CPU.ActiveCfg = Debug|Any CPU
		{A2853A5F-99D8-4CD5-B527-DA6B187D339D}.Debug|Any CPU.Build.0 = Debug|Any CPU
		{A2853A5F-99D8-4CD5-B527-DA6B187D339D}.Release|Any CPU.ActiveCfg = Release|Any CPU
		{A2853A5F-99D8-4CD5-B527-DA6B187D339D}.Release|Any CPU.Build.0 = Release|Any CPU
	EndGlobalSection
	GlobalSection(SolutionProperties) = preSolution
		HideSolutionNode = FALSE
	EndGlobalSection
	GlobalSection(ExtensibilityGlobals) = postSolution
		SolutionGuid = {435ED942-9A12-42DE-ABA0-93B262E35103}
	EndGlobalSection
EndGlobal
